
Microsoft Visual Studio Solution File, Format Version 12.00
# Visual Studio 2012
Project("{FAE04EC0-301F-11D3-BF4B-00C04F79EFBC}") = "SNLM-v0.00", "SNLM-v0.00\SNLM-v0.00.csproj", "{A79BC840-91C7-416A-8935-C89D06680BD0}"
EndProject
Global
	GlobalSection(SolutionConfigurationPlatforms) = preSolution
		Debug|Any CPU = Debug|Any CPU
		Release|Any CPU = Release|Any CPU
	EndGlobalSection
	GlobalSection(ProjectConfigurationPlatforms) = postSolution
		{A79BC840-91C7-416A-8935-C89D06680BD0}.Debug|Any CPU.ActiveCfg = Debug|Any CPU
		{A79BC840-91C7-416A-8935-C89D06680BD0}.Debug|Any CPU.Build.0 = Debug|Any CPU
		{A79BC840-91C7-416A-8935-C89D06680BD0}.Release|Any CPU.ActiveCfg = Release|Any CPU
		{A79BC840-91C7-416A-8935-C89D06680BD0}.Release|Any CPU.Build.0 = Release|Any CPU
	EndGlobalSection
	GlobalSection(SolutionProperties) = preSolution
		HideSolutionNode = FALSE
	EndGlobalSection
EndGlobal
